
Microsoft Visual Studio Solution File, Format Version 12.00
# Visual Studio Version 17
VisualStudioVersion = 17.4.33205.214
MinimumVisualStudioVersion = 10.0.40219.1
Project("{9A19103F-16F7-4668-BE54-9A1E7A4F7556}") = "DataService", "DataService\DataService.csproj", "{0CC46388-7C21-4151-9179-53DF07CA1F41}"
EndProject
Project("{9A19103F-16F7-4668-BE54-9A1E7A4F7556}") = "TestDataService", "TestDataService\TestDataService.csproj", "{5C2B90D5-831F-4D19-8F3E-CAE348BD6AD5}"
EndProject
Project("{9A19103F-16F7-4668-BE54-9A1E7A4F7556}") = "DataAccess", "DataAccess\DataAccess.csproj", "{1611F0F5-402F-435C-A176-A56F95E5CE5B}"
EndProject
Project("{9A19103F-16F7-4668-BE54-9A1E7A4F7556}") = "Demo_DatabaseApp", "Demo_DatabaseApp\Demo_DatabaseApp.csproj", "{6992EC83-B9A2-4E3F-A113-36DB8FAF7EBA}"
EndProject
Global
	GlobalSection(SolutionConfigurationPlatforms) = preSolution
		Debug|Any CPU = Debug|Any CPU
		Release|Any CPU = Release|Any CPU
	EndGlobalSection
	GlobalSection(ProjectConfigurationPlatforms) = postSolution
		{0CC46388-7C21-4151-9179-53DF07CA1F41}.Debug|Any CPU.ActiveCfg = Debug|Any CPU
		{0CC46388-7C21-4151-9179-53DF07CA1F41}.Debug|Any CPU.Build.0 = Debug|Any CPU
		{0CC46388-7C21-4151-9179-53DF07CA1F41}.Release|Any CPU.ActiveCfg = Release|Any CPU
		{0CC46388-7C21-4151-9179-53DF07CA1F41}.Release|Any CPU.Build.0 = Release|Any CPU
		{5C2B90D5-831F-4D19-8F3E-CAE348BD6AD5}.Debug|Any CPU.ActiveCfg = Debug|Any CPU
		{5C2B90D5-831F-4D19-8F3E-CAE348BD6AD5}.Debug|Any CPU.Build.0 = Debug|Any CPU
		{5C2B90D5-831F-4D19-8F3E-CAE348BD6AD5}.Release|Any CPU.ActiveCfg = Release|Any CPU
		{5C2B90D5-831F-4D19-8F3E-CAE348BD6AD5}.Release|Any CPU.Build.0 = Release|Any CPU
		{1611F0F5-402F-435C-A176-A56F95E5CE5B}.Debug|Any CPU.ActiveCfg = Debug|Any CPU
		{1611F0F5-402F-435C-A176-A56F95E5CE5B}.Debug|Any CPU.Build.0 = Debug|Any CPU
		{1611F0F5-402F-435C-A176-A56F95E5CE5B}.Release|Any CPU.ActiveCfg = Release|Any CPU
		{1611F0F5-402F-435C-A176-A56F95E5CE5B}.Release|Any CPU.Build.0 = Release|Any CPU
		{6992EC83-B9A2-4E3F-A113-36DB8FAF7EBA}.Debug|Any CPU.ActiveCfg = Debug|Any CPU
		{6992EC83-B9A2-4E3F-A113-36DB8FAF7EBA}.Debug|Any CPU.Build.0 = Debug|Any CPU
		{6992EC83-B9A2-4E3F-A113-36DB8FAF7EBA}.Release|Any CPU.ActiveCfg = Release|Any CPU
		{6992EC83-B9A2-4E3F-A113-36DB8FAF7EBA}.Release|Any CPU.Build.0 = Release|Any CPU
	EndGlobalSection
	GlobalSection(SolutionProperties) = preSolution
		HideSolutionNode = FALSE
	EndGlobalSection
	GlobalSection(ExtensibilityGlobals) = postSolution
		SolutionGuid = {996AD396-6EA5-4445-88F5-8DDC991D6AA6}
	EndGlobalSection
EndGlobal
